
Microsoft Visual Studio Solution File, Format Version 12.00
# Visual Studio Version 16
VisualStudioVersion = 16.0.30011.22
MinimumVisualStudioVersion = 10.0.40219.1
Project("{FAE04EC0-301F-11D3-BF4B-00C04F79EFBC}") = "WebManager", "YDCMS\WebManager.csproj", "{4DA593F0-ECAB-4671-9296-3CB4E36B74C8}"
EndProject
Project("{FAE04EC0-301F-11D3-BF4B-00C04F79EFBC}") = "WebMaster", "WebMaster\WebMaster.csproj", "{87668F11-404F-451B-BAD1-C8392013BC02}"
EndProject
Global
	GlobalSection(SolutionConfigurationPlatforms) = preSolution
		Debug|Any CPU = Debug|Any CPU
		Release|Any CPU = Release|Any CPU
	EndGlobalSection
	GlobalSection(ProjectConfigurationPlatforms) = postSolution
		{4DA593F0-ECAB-4671-9296-3CB4E36B74C8}.Debug|Any CPU.ActiveCfg = Debug|Any CPU
		{4DA593F0-ECAB-4671-9296-3CB4E36B74C8}.Debug|Any CPU.Build.0 = Debug|Any CPU
		{4DA593F0-ECAB-4671-9296-3CB4E36B74C8}.Release|Any CPU.ActiveCfg = Release|Any CPU
		{4DA593F0-ECAB-4671-9296-3CB4E36B74C8}.Release|Any CPU.Build.0 = Release|Any CPU
		{87668F11-404F-451B-BAD1-C8392013BC02}.Debug|Any CPU.ActiveCfg = Debug|Any CPU
		{87668F11-404F-451B-BAD1-C8392013BC02}.Debug|Any CPU.Build.0 = Debug|Any CPU
		{87668F11-404F-451B-BAD1-C8392013BC02}.Release|Any CPU.ActiveCfg = Release|Any CPU
		{87668F11-404F-451B-BAD1-C8392013BC02}.Release|Any CPU.Build.0 = Release|Any CPU
	EndGlobalSection
	GlobalSection(SolutionProperties) = preSolution
		HideSolutionNode = FALSE
	EndGlobalSection
	GlobalSection(ExtensibilityGlobals) = postSolution
		SolutionGuid = {7549A8D5-C93B-401E-9BD5-D798EAEF48CC}
	EndGlobalSection
EndGlobal
